
Microsoft Visual Studio Solution File, Format Version 11.00
# Visual Studio 2010
Project("{FAE04EC0-301F-11D3-BF4B-00C04F79EFBC}") = "flapyZombiev2", "Assembly-CSharp.csproj", "{B4C71A41-A30F-F0A2-292F-6290F58475DD}"
EndProject
Global
	GlobalSection(SolutionConfigurationPlatforms) = preSolution
		Debug|Any CPU = Debug|Any CPU
		Release|Any CPU = Release|Any CPU
	EndGlobalSection
	GlobalSection(ProjectConfigurationPlatforms) = postSolution
		{B4C71A41-A30F-F0A2-292F-6290F58475DD}.Debug|Any CPU.ActiveCfg = Debug|Any CPU
		{B4C71A41-A30F-F0A2-292F-6290F58475DD}.Debug|Any CPU.Build.0 = Debug|Any CPU
		{B4C71A41-A30F-F0A2-292F-6290F58475DD}.Release|Any CPU.ActiveCfg = Release|Any CPU
		{B4C71A41-A30F-F0A2-292F-6290F58475DD}.Release|Any CPU.Build.0 = Release|Any CPU
	EndGlobalSection
	GlobalSection(SolutionProperties) = preSolution
		HideSolutionNode = FALSE
	EndGlobalSection
	GlobalSection(MonoDevelopProperties) = preSolution
		StartupItem = Assembly-CSharp.csproj
	EndGlobalSection
EndGlobal
